
Microsoft Visual Studio Solution File, Format Version 12.00
Project("{FAE04EC0-301F-11D3-BF4B-00C04F79EFBC}") = "DnpAssignment2026", "DnpAssignment2026.csproj", "{EAE6C8E3-40DC-4FE2-A3AA-A825272F87A9}"
EndProject
Project("{2150E333-8FDC-42A3-9474-1A3956D46DE8}") = "Server", "Server", "{483CC027-3444-40B8-9275-8DAD18C1831C}"
EndProject
Project("{FAE04EC0-301F-11D3-BF4B-00C04F79EFBC}") = "Entities", "Server\Entities\Entities.csproj", "{22221D31-2761-4844-B695-F94F49F86D89}"
EndProject
Project("{FAE04EC0-301F-11D3-BF4B-00C04F79EFBC}") = "RepositoryContracts", "Server\RepositoryContracts\RepositoryContracts.csproj", "{88D15D58-F35A-4C49-AB6F-1E3B0AC7E98E}"
EndProject
Project("{FAE04EC0-301F-11D3-BF4B-00C04F79EFBC}") = "InMemoryRepositories", "Server\InMemoryRepositories\InMemoryRepositories.csproj", "{CB614BEA-FF9F-4989-9792-8B698019A38E}"
EndProject
Global
	GlobalSection(SolutionConfigurationPlatforms) = preSolution
		Debug|Any CPU = Debug|Any CPU
		Release|Any CPU = Release|Any CPU
	EndGlobalSection
	GlobalSection(ProjectConfigurationPlatforms) = postSolution
		{EAE6C8E3-40DC-4FE2-A3AA-A825272F87A9}.Debug|Any CPU.ActiveCfg = Debug|Any CPU
		{EAE6C8E3-40DC-4FE2-A3AA-A825272F87A9}.Debug|Any CPU.Build.0 = Debug|Any CPU
		{EAE6C8E3-40DC-4FE2-A3AA-A825272F87A9}.Release|Any CPU.ActiveCfg = Release|Any CPU
		{EAE6C8E3-40DC-4FE2-A3AA-A825272F87A9}.Release|Any CPU.Build.0 = Release|Any CPU
		{22221D31-2761-4844-B695-F94F49F86D89}.Debug|Any CPU.ActiveCfg = Debug|Any CPU
		{22221D31-2761-4844-B695-F94F49F86D89}.Debug|Any CPU.Build.0 = Debug|Any CPU
		{22221D31-2761-4844-B695-F94F49F86D89}.Release|Any CPU.ActiveCfg = Release|Any CPU
		{22221D31-2761-4844-B695-F94F49F86D89}.Release|Any CPU.Build.0 = Release|Any CPU
		{88D15D58-F35A-4C49-AB6F-1E3B0AC7E98E}.Debug|Any CPU.ActiveCfg = Debug|Any CPU
		{88D15D58-F35A-4C49-AB6F-1E3B0AC7E98E}.Debug|Any CPU.Build.0 = Debug|Any CPU
		{88D15D58-F35A-4C49-AB6F-1E3B0AC7E98E}.Release|Any CPU.ActiveCfg = Release|Any CPU
		{88D15D58-F35A-4C49-AB6F-1E3B0AC7E98E}.Release|Any CPU.Build.0 = Release|Any CPU
		{CB614BEA-FF9F-4989-9792-8B698019A38E}.Debug|Any CPU.ActiveCfg = Debug|Any CPU
		{CB614BEA-FF9F-4989-9792-8B698019A38E}.Debug|Any CPU.Build.0 = Debug|Any CPU
		{CB614BEA-FF9F-4989-9792-8B698019A38E}.Release|Any CPU.ActiveCfg = Release|Any CPU
		{CB614BEA-FF9F-4989-9792-8B698019A38E}.Release|Any CPU.Build.0 = Release|Any CPU
	EndGlobalSection
	GlobalSection(NestedProjects) = preSolution
		{22221D31-2761-4844-B695-F94F49F86D89} = {483CC027-3444-40B8-9275-8DAD18C1831C}
		{88D15D58-F35A-4C49-AB6F-1E3B0AC7E98E} = {483CC027-3444-40B8-9275-8DAD18C1831C}
		{CB614BEA-FF9F-4989-9792-8B698019A38E} = {483CC027-3444-40B8-9275-8DAD18C1831C}
	EndGlobalSection
EndGlobal
